
Microsoft Visual Studio Solution File, Format Version 12.00
# Visual Studio Version 17
VisualStudioVersion = 17.14.36429.23 d17.14
MinimumVisualStudioVersion = 10.0.40219.1
Project("{FAE04EC0-301F-11D3-BF4B-00C04F79EFBC}") = "TestCodeQL", "TestCodeQL\TestCodeQL.csproj", "{B46A7E38-FCD0-4C94-B0C5-525683D0312D}"
EndProject
Global
	GlobalSection(SolutionConfigurationPlatforms) = preSolution
		Debug|Any CPU = Debug|Any CPU
		Release|Any CPU = Release|Any CPU
	EndGlobalSection
	GlobalSection(ProjectConfigurationPlatforms) = postSolution
		{B46A7E38-FCD0-4C94-B0C5-525683D0312D}.Debug|Any CPU.ActiveCfg = Debug|Any CPU
		{B46A7E38-FCD0-4C94-B0C5-525683D0312D}.Debug|Any CPU.Build.0 = Debug|Any CPU
		{B46A7E38-FCD0-4C94-B0C5-525683D0312D}.Release|Any CPU.ActiveCfg = Release|Any CPU
		{B46A7E38-FCD0-4C94-B0C5-525683D0312D}.Release|Any CPU.Build.0 = Release|Any CPU
	EndGlobalSection
	GlobalSection(SolutionProperties) = preSolution
		HideSolutionNode = FALSE
	EndGlobalSection
	GlobalSection(ExtensibilityGlobals) = postSolution
		SolutionGuid = {57DADC51-83A7-4538-97F9-4DEF8DE8DB65}
	EndGlobalSection
EndGlobal
